// !$*UTF8*$!
{
	archiveVersion = 1;
	classes = {
	};
	objectVersion = 50;
	objects = {

/* Begin PBXBuildFile section */
		3009801124453DBB00CEAB2A /* Runtime3Controller.mm in Sources */ = {isa = PBXBuildFile; fileRef = 3009801024453DBB00CEAB2A /* Runtime3Controller.mm */; };
		302E10DC24400FEA00760CD0 /* Block1Controller.m in Sources */ = {isa = PBXBuildFile; fileRef = 302E10DA24400FEA00760CD0 /* Block1Controller.m */; };
		302E10DD24400FEA00760CD0 /* Block1Controller.xib in Resources */ = {isa = PBXBuildFile; fileRef = 302E10DB24400FEA00760CD0 /* Block1Controller.xib */; };
		309E0100243EB65800659EE0 /* KKPerson+Test1.m in Sources */ = {isa = PBXBuildFile; fileRef = 309E00F8243EB65700659EE0 /* KKPerson+Test1.m */; };
		309E0102243EB65800659EE0 /* KKStudent.m in Sources */ = {isa = PBXBuildFile; fileRef = 309E00FB243EB65700659EE0 /* KKStudent.m */; };
		309E0103243EB65800659EE0 /* KKPerson.m in Sources */ = {isa = PBXBuildFile; fileRef = 309E00FD243EB65700659EE0 /* KKPerson.m */; };
		30F909CB2449444E00D100C7 /* Runtime6Controller.m in Sources */ = {isa = PBXBuildFile; fileRef = 30F909CA2449444E00D100C7 /* Runtime6Controller.m */; };
		30F909D624494C1700D100C7 /* MKPerson.m in Sources */ = {isa = PBXBuildFile; fileRef = 30F909D524494C1700D100C7 /* MKPerson.m */; };
		30F909D924494C2F00D100C7 /* MKCar.m in Sources */ = {isa = PBXBuildFile; fileRef = 30F909D824494C2F00D100C7 /* MKCar.m */; };
		840F0F81245138CE00C5702F /* RunLoop1Controller.m in Sources */ = {isa = PBXBuildFile; fileRef = 840F0F7F245138CE00C5702F /* RunLoop1Controller.m */; };
		840F0F82245138CE00C5702F /* RunLoop1Controller.xib in Resources */ = {isa = PBXBuildFile; fileRef = 840F0F80245138CE00C5702F /* RunLoop1Controller.xib */; };
		844B4E69244E79F4001BE9DD /* Runtime7Controller.m in Sources */ = {isa = PBXBuildFile; fileRef = 30F909D224494B5C00D100C7 /* Runtime7Controller.m */; };
		844B4E6A244E79F4001BE9DD /* Person6.m in Sources */ = {isa = PBXBuildFile; fileRef = 30F909CD2449448500D100C7 /* Person6.m */; };
		844B4E6D244E821F001BE9DD /* BaseModel.m in Sources */ = {isa = PBXBuildFile; fileRef = 844B4E6C244E821F001BE9DD /* BaseModel.m */; };
		844B4E75244ED780001BE9DD /* RunLoopController.m in Sources */ = {isa = PBXBuildFile; fileRef = 844B4E74244ED780001BE9DD /* RunLoopController.m */; };
		845E44C1245667CD0009AF7E /* LVThreadTool.m in Sources */ = {isa = PBXBuildFile; fileRef = 845E44C0245667CD0009AF7E /* LVThreadTool.m */; };
		845E44C524566ADA0009AF7E /* RunLoop5Controller.m in Sources */ = {isa = PBXBuildFile; fileRef = 845E44C324566ADA0009AF7E /* RunLoop5Controller.m */; };
		845E44C624566ADA0009AF7E /* RunLoop5Controller.xib in Resources */ = {isa = PBXBuildFile; fileRef = 845E44C424566ADA0009AF7E /* RunLoop5Controller.xib */; };
		845E44CF24568D940009AF7E /* GCD1Controller.m in Sources */ = {isa = PBXBuildFile; fileRef = 845E44CD24568D940009AF7E /* GCD1Controller.m */; };
		845E44D024568D940009AF7E /* GCD1Controller.xib in Resources */ = {isa = PBXBuildFile; fileRef = 845E44CE24568D940009AF7E /* GCD1Controller.xib */; };
		84718B202440441A00E397AE /* Block2Controller.m in Sources */ = {isa = PBXBuildFile; fileRef = 84718B1F2440441A00E397AE /* Block2Controller.m */; };
		8473EAAD2452BA4F005F5BC7 /* RunLoop2Controller.m in Sources */ = {isa = PBXBuildFile; fileRef = 8473EAAB2452BA4F005F5BC7 /* RunLoop2Controller.m */; };
		8473EAAE2452BA4F005F5BC7 /* RunLoop2Controller.xib in Resources */ = {isa = PBXBuildFile; fileRef = 8473EAAC2452BA4F005F5BC7 /* RunLoop2Controller.xib */; };
		847717F92455A1EE00364878 /* RunLoop3Controller.m in Sources */ = {isa = PBXBuildFile; fileRef = 847717F72455A1EE00364878 /* RunLoop3Controller.m */; };
		847717FA2455A1EE00364878 /* RunLoop3Controller.xib in Resources */ = {isa = PBXBuildFile; fileRef = 847717F82455A1EE00364878 /* RunLoop3Controller.xib */; };
		847717FE2455A21900364878 /* RunLoop4Controller.m in Sources */ = {isa = PBXBuildFile; fileRef = 847717FC2455A21900364878 /* RunLoop4Controller.m */; };
		847717FF2455A21900364878 /* RunLoop4Controller.xib in Resources */ = {isa = PBXBuildFile; fileRef = 847717FD2455A21900364878 /* RunLoop4Controller.xib */; };
		847718022455B4CC00364878 /* LVThread.m in Sources */ = {isa = PBXBuildFile; fileRef = 847718012455B4CC00364878 /* LVThread.m */; };
		847EEB3E2446E0F40002098E /* MJDog.m in Sources */ = {isa = PBXBuildFile; fileRef = 847EEB3D2446E0F40002098E /* MJDog.m */; };
		847EEB41244725BE0002098E /* Runtime4Controller.m in Sources */ = {isa = PBXBuildFile; fileRef = 847EEB40244725BE0002098E /* Runtime4Controller.m */; };
		847EEB44244725F20002098E /* MJPerson4.m in Sources */ = {isa = PBXBuildFile; fileRef = 847EEB43244725F20002098E /* MJPerson4.m */; };
		847EEB47244737690002098E /* Person5.m in Sources */ = {isa = PBXBuildFile; fileRef = 847EEB46244737690002098E /* Person5.m */; };
		847EEB4A244737820002098E /* Runtime5Controller.m in Sources */ = {isa = PBXBuildFile; fileRef = 847EEB49244737820002098E /* Runtime5Controller.m */; };
		847EEB4D24473B9F0002098E /* Person3.m in Sources */ = {isa = PBXBuildFile; fileRef = 847EEB4C24473B9F0002098E /* Person3.m */; };
		847EEB50244749C00002098E /* NSArray+KKArr.m in Sources */ = {isa = PBXBuildFile; fileRef = 847EEB4F244749C00002098E /* NSArray+KKArr.m */; };
		84A6DC91245A5DF6004AF137 /* GCD3Controller.m in Sources */ = {isa = PBXBuildFile; fileRef = 84A6DC90245A5DF6004AF137 /* GCD3Controller.m */; };
		84A6DC94245A7C51004AF137 /* LVLockBase.m in Sources */ = {isa = PBXBuildFile; fileRef = 84A6DC93245A7C51004AF137 /* LVLockBase.m */; };
		84A6DC97245A85AD004AF137 /* OSSponLockDemo.m in Sources */ = {isa = PBXBuildFile; fileRef = 84A6DC96245A85AD004AF137 /* OSSponLockDemo.m */; };
		84A6DC9A245A99D5004AF137 /* OSFairLockDemo.m in Sources */ = {isa = PBXBuildFile; fileRef = 84A6DC99245A99D5004AF137 /* OSFairLockDemo.m */; };
		84A6DC9D245AB3FF004AF137 /* PthreadMutexDemo.m in Sources */ = {isa = PBXBuildFile; fileRef = 84A6DC9C245AB3FF004AF137 /* PthreadMutexDemo.m */; };
		84A6DCA0245AB8F2004AF137 /* PthreadMutexDemo2.m in Sources */ = {isa = PBXBuildFile; fileRef = 84A6DC9F245AB8F2004AF137 /* PthreadMutexDemo2.m */; };
		84AD73DF243E1312000AD7B4 /* AppDelegate.m in Sources */ = {isa = PBXBuildFile; fileRef = 84AD73DE243E1312000AD7B4 /* AppDelegate.m */; };
		84AD73E7243E1314000AD7B4 /* Assets.xcassets in Resources */ = {isa = PBXBuildFile; fileRef = 84AD73E6243E1314000AD7B4 /* Assets.xcassets */; };
		84AD73EA243E1314000AD7B4 /* LaunchScreen.storyboard in Resources */ = {isa = PBXBuildFile; fileRef = 84AD73E8243E1314000AD7B4 /* LaunchScreen.storyboard */; };
		84AD73ED243E1314000AD7B4 /* main.m in Sources */ = {isa = PBXBuildFile; fileRef = 84AD73EC243E1314000AD7B4 /* main.m */; };
		84AE86B02442D68A0043639C /* Block3Controller.m in Sources */ = {isa = PBXBuildFile; fileRef = 84AE86AE2442D68A0043639C /* Block3Controller.m */; };
		84AE86B12442D68A0043639C /* Block3Controller.xib in Resources */ = {isa = PBXBuildFile; fileRef = 84AE86AF2442D68A0043639C /* Block3Controller.xib */; };
		84AE86B42442D6AF0043639C /* MJPerson.m in Sources */ = {isa = PBXBuildFile; fileRef = 84AE86B32442D6AF0043639C /* MJPerson.m */; };
		84AE86B924440E990043639C /* Runtime1Controller.m in Sources */ = {isa = PBXBuildFile; fileRef = 84AE86B724440E990043639C /* Runtime1Controller.m */; };
		84AE86BA24440E990043639C /* Runtime1Controller.xib in Resources */ = {isa = PBXBuildFile; fileRef = 84AE86B824440E990043639C /* Runtime1Controller.xib */; };
		84AE86BD24444B5C0043639C /* Runtime2Controller.mm in Sources */ = {isa = PBXBuildFile; fileRef = 84AE86BC24444B5C0043639C /* Runtime2Controller.mm */; };
		84AE86C024444D6B0043639C /* MJPerson1.m in Sources */ = {isa = PBXBuildFile; fileRef = 84AE86BF24444D6B0043639C /* MJPerson1.m */; };
		84AE86C62444A61C0043639C /* MJStudent.m in Sources */ = {isa = PBXBuildFile; fileRef = 84AE86C42444A61C0043639C /* MJStudent.m */; };
		84AE86C72444A61C0043639C /* MJGoodStudent.m in Sources */ = {isa = PBXBuildFile; fileRef = 84AE86C52444A61C0043639C /* MJGoodStudent.m */; };
		84F456B62457B6A600E921AA /* GCD2Controller.m in Sources */ = {isa = PBXBuildFile; fileRef = 84F456B42457B6A600E921AA /* GCD2Controller.m */; };
		84F456B72457B6A600E921AA /* GCD2Controller.xib in Resources */ = {isa = PBXBuildFile; fileRef = 84F456B52457B6A600E921AA /* GCD2Controller.xib */; };
/* End PBXBuildFile section */

/* Begin PBXFileReference section */
		3009800F24453DBB00CEAB2A /* Runtime3Controller.h */ = {isa = PBXFileReference; lastKnownFileType = sourcecode.c.h; path = Runtime3Controller.h; sourceTree = "<group>"; };
		3009801024453DBB00CEAB2A /* Runtime3Controller.mm */ = {isa = PBXFileReference; lastKnownFileType = sourcecode.cpp.objcpp; path = Runtime3Controller.mm; sourceTree = "<group>"; };
		302E10D924400FEA00760CD0 /* Block1Controller.h */ = {isa = PBXFileReference; lastKnownFileType = sourcecode.c.h; path = Block1Controller.h; sourceTree = "<group>"; };
		302E10DA24400FEA00760CD0 /* Block1Controller.m */ = {isa = PBXFileReference; lastKnownFileType = sourcecode.c.objc; path = Block1Controller.m; sourceTree = "<group>"; };
		302E10DB24400FEA00760CD0 /* Block1Controller.xib */ = {isa = PBXFileReference; lastKnownFileType = file.xib; path = Block1Controller.xib; sourceTree = "<group>"; };
		309E00F8243EB65700659EE0 /* KKPerson+Test1.m */ = {isa = PBXFileReference; fileEncoding = 4; lastKnownFileType = sourcecode.c.objc; path = "KKPerson+Test1.m"; sourceTree = "<group>"; };
		309E00F9243EB65700659EE0 /* KKPerson.h */ = {isa = PBXFileReference; fileEncoding = 4; lastKnownFileType = sourcecode.c.h; path = KKPerson.h; sourceTree = "<group>"; };
		309E00FB243EB65700659EE0 /* KKStudent.m */ = {isa = PBXFileReference; fileEncoding = 4; lastKnownFileType = sourcecode.c.objc; path = KKStudent.m; sourceTree = "<group>"; };
		309E00FC243EB65700659EE0 /* KKPerson+Test1.h */ = {isa = PBXFileReference; fileEncoding = 4; lastKnownFileType = sourcecode.c.h; path = "KKPerson+Test1.h"; sourceTree = "<group>"; };
		309E00FD243EB65700659EE0 /* KKPerson.m */ = {isa = PBXFileReference; fileEncoding = 4; lastKnownFileType = sourcecode.c.objc; path = KKPerson.m; sourceTree = "<group>"; };
		309E00FF243EB65700659EE0 /* KKStudent.h */ = {isa = PBXFileReference; fileEncoding = 4; lastKnownFileType = sourcecode.c.h; path = KKStudent.h; sourceTree = "<group>"; };
		30F909C92449444E00D100C7 /* Runtime6Controller.h */ = {isa = PBXFileReference; lastKnownFileType = sourcecode.c.h; path = Runtime6Controller.h; sourceTree = "<group>"; };
		30F909CA2449444E00D100C7 /* Runtime6Controller.m */ = {isa = PBXFileReference; lastKnownFileType = sourcecode.c.objc; path = Runtime6Controller.m; sourceTree = "<group>"; };
		30F909CC2449448500D100C7 /* Person6.h */ = {isa = PBXFileReference; lastKnownFileType = sourcecode.c.h; path = Person6.h; sourceTree = "<group>"; };
		30F909CD2449448500D100C7 /* Person6.m */ = {isa = PBXFileReference; lastKnownFileType = sourcecode.c.objc; path = Person6.m; sourceTree = "<group>"; };
		30F909CF2449497800D100C7 /* Person6.ll */ = {isa = PBXFileReference; lastKnownFileType = sourcecode.asm.llvm; path = Person6.ll; sourceTree = "<group>"; };
		30F909D124494B5C00D100C7 /* Runtime7Controller.h */ = {isa = PBXFileReference; lastKnownFileType = sourcecode.c.h; path = Runtime7Controller.h; sourceTree = "<group>"; };
		30F909D224494B5C00D100C7 /* Runtime7Controller.m */ = {isa = PBXFileReference; lastKnownFileType = sourcecode.c.objc; path = Runtime7Controller.m; sourceTree = "<group>"; };
		30F909D424494C1700D100C7 /* MKPerson.h */ = {isa = PBXFileReference; lastKnownFileType = sourcecode.c.h; path = MKPerson.h; sourceTree = "<group>"; };
		30F909D524494C1700D100C7 /* MKPerson.m */ = {isa = PBXFileReference; lastKnownFileType = sourcecode.c.objc; path = MKPerson.m; sourceTree = "<group>"; };
		30F909D724494C2F00D100C7 /* MKCar.h */ = {isa = PBXFileReference; lastKnownFileType = sourcecode.c.h; path = MKCar.h; sourceTree = "<group>"; };
		30F909D824494C2F00D100C7 /* MKCar.m */ = {isa = PBXFileReference; lastKnownFileType = sourcecode.c.objc; path = MKCar.m; sourceTree = "<group>"; };
		840F0F7E245138CE00C5702F /* RunLoop1Controller.h */ = {isa = PBXFileReference; lastKnownFileType = sourcecode.c.h; path = RunLoop1Controller.h; sourceTree = "<group>"; };
		840F0F7F245138CE00C5702F /* RunLoop1Controller.m */ = {isa = PBXFileReference; lastKnownFileType = sourcecode.c.objc; path = RunLoop1Controller.m; sourceTree = "<group>"; };
		840F0F80245138CE00C5702F /* RunLoop1Controller.xib */ = {isa = PBXFileReference; lastKnownFileType = file.xib; path = RunLoop1Controller.xib; sourceTree = "<group>"; };
		844B4E6B244E821F001BE9DD /* BaseModel.h */ = {isa = PBXFileReference; lastKnownFileType = sourcecode.c.h; path = BaseModel.h; sourceTree = "<group>"; };
		844B4E6C244E821F001BE9DD /* BaseModel.m */ = {isa = PBXFileReference; lastKnownFileType = sourcecode.c.objc; path = BaseModel.m; sourceTree = "<group>"; };
		844B4E73244ED780001BE9DD /* RunLoopController.h */ = {isa = PBXFileReference; lastKnownFileType = sourcecode.c.h; path = RunLoopController.h; sourceTree = "<group>"; };
		844B4E74244ED780001BE9DD /* RunLoopController.m */ = {isa = PBXFileReference; lastKnownFileType = sourcecode.c.objc; path = RunLoopController.m; sourceTree = "<group>"; };
		845E44BF245667CD0009AF7E /* LVThreadTool.h */ = {isa = PBXFileReference; lastKnownFileType = sourcecode.c.h; path = LVThreadTool.h; sourceTree = "<group>"; };
		845E44C0245667CD0009AF7E /* LVThreadTool.m */ = {isa = PBXFileReference; lastKnownFileType = sourcecode.c.objc; path = LVThreadTool.m; sourceTree = "<group>"; };
		845E44C224566ADA0009AF7E /* RunLoop5Controller.h */ = {isa = PBXFileReference; lastKnownFileType = sourcecode.c.h; path = RunLoop5Controller.h; sourceTree = "<group>"; };
		845E44C324566ADA0009AF7E /* RunLoop5Controller.m */ = {isa = PBXFileReference; lastKnownFileType = sourcecode.c.objc; path = RunLoop5Controller.m; sourceTree = "<group>"; };
		845E44C424566ADA0009AF7E /* RunLoop5Controller.xib */ = {isa = PBXFileReference; lastKnownFileType = file.xib; path = RunLoop5Controller.xib; sourceTree = "<group>"; };
		845E44CC24568D940009AF7E /* GCD1Controller.h */ = {isa = PBXFileReference; lastKnownFileType = sourcecode.c.h; path = GCD1Controller.h; sourceTree = "<group>"; };
		845E44CD24568D940009AF7E /* GCD1Controller.m */ = {isa = PBXFileReference; lastKnownFileType = sourcecode.c.objc; path = GCD1Controller.m; sourceTree = "<group>"; };
		845E44CE24568D940009AF7E /* GCD1Controller.xib */ = {isa = PBXFileReference; lastKnownFileType = file.xib; path = GCD1Controller.xib; sourceTree = "<group>"; };
		84718B1E2440441A00E397AE /* Block2Controller.h */ = {isa = PBXFileReference; lastKnownFileType = sourcecode.c.h; path = Block2Controller.h; sourceTree = "<group>"; };
		84718B1F2440441A00E397AE /* Block2Controller.m */ = {isa = PBXFileReference; lastKnownFileType = sourcecode.c.objc; path = Block2Controller.m; sourceTree = "<group>"; };
		8473EAAA2452BA4F005F5BC7 /* RunLoop2Controller.h */ = {isa = PBXFileReference; lastKnownFileType = sourcecode.c.h; path = RunLoop2Controller.h; sourceTree = "<group>"; };
		8473EAAB2452BA4F005F5BC7 /* RunLoop2Controller.m */ = {isa = PBXFileReference; lastKnownFileType = sourcecode.c.objc; path = RunLoop2Controller.m; sourceTree = "<group>"; };
		8473EAAC2452BA4F005F5BC7 /* RunLoop2Controller.xib */ = {isa = PBXFileReference; lastKnownFileType = file.xib; path = RunLoop2Controller.xib; sourceTree = "<group>"; };
		847717F62455A1EE00364878 /* RunLoop3Controller.h */ = {isa = PBXFileReference; lastKnownFileType = sourcecode.c.h; path = RunLoop3Controller.h; sourceTree = "<group>"; };
		847717F72455A1EE00364878 /* RunLoop3Controller.m */ = {isa = PBXFileReference; lastKnownFileType = sourcecode.c.objc; path = RunLoop3Controller.m; sourceTree = "<group>"; };
		847717F82455A1EE00364878 /* RunLoop3Controller.xib */ = {isa = PBXFileReference; lastKnownFileType = file.xib; path = RunLoop3Controller.xib; sourceTree = "<group>"; };
		847717FB2455A21900364878 /* RunLoop4Controller.h */ = {isa = PBXFileReference; lastKnownFileType = sourcecode.c.h; path = RunLoop4Controller.h; sourceTree = "<group>"; };
		847717FC2455A21900364878 /* RunLoop4Controller.m */ = {isa = PBXFileReference; lastKnownFileType = sourcecode.c.objc; path = RunLoop4Controller.m; sourceTree = "<group>"; };
		847717FD2455A21900364878 /* RunLoop4Controller.xib */ = {isa = PBXFileReference; lastKnownFileType = file.xib; path = RunLoop4Controller.xib; sourceTree = "<group>"; };
		847718002455B4CC00364878 /* LVThread.h */ = {isa = PBXFileReference; lastKnownFileType = sourcecode.c.h; path = LVThread.h; sourceTree = "<group>"; };
		847718012455B4CC00364878 /* LVThread.m */ = {isa = PBXFileReference; lastKnownFileType = sourcecode.c.objc; path = LVThread.m; sourceTree = "<group>"; };
		847EEB3C2446E0F40002098E /* MJDog.h */ = {isa = PBXFileReference; lastKnownFileType = sourcecode.c.h; path = MJDog.h; sourceTree = "<group>"; };
		847EEB3D2446E0F40002098E /* MJDog.m */ = {isa = PBXFileReference; lastKnownFileType = sourcecode.c.objc; path = MJDog.m; sourceTree = "<group>"; };
		847EEB3F244725BE0002098E /* Runtime4Controller.h */ = {isa = PBXFileReference; lastKnownFileType = sourcecode.c.h; path = Runtime4Controller.h; sourceTree = "<group>"; };
		847EEB40244725BE0002098E /* Runtime4Controller.m */ = {isa = PBXFileReference; lastKnownFileType = sourcecode.c.objc; path = Runtime4Controller.m; sourceTree = "<group>"; };
		847EEB42244725F20002098E /* MJPerson4.h */ = {isa = PBXFileReference; lastKnownFileType = sourcecode.c.h; path = MJPerson4.h; sourceTree = "<group>"; };
		847EEB43244725F20002098E /* MJPerson4.m */ = {isa = PBXFileReference; lastKnownFileType = sourcecode.c.objc; path = MJPerson4.m; sourceTree = "<group>"; };
		847EEB45244737690002098E /* Person5.h */ = {isa = PBXFileReference; lastKnownFileType = sourcecode.c.h; path = Person5.h; sourceTree = "<group>"; };
		847EEB46244737690002098E /* Person5.m */ = {isa = PBXFileReference; lastKnownFileType = sourcecode.c.objc; path = Person5.m; sourceTree = "<group>"; };
		847EEB48244737820002098E /* Runtime5Controller.h */ = {isa = PBXFileReference; lastKnownFileType = sourcecode.c.h; path = Runtime5Controller.h; sourceTree = "<group>"; };
		847EEB49244737820002098E /* Runtime5Controller.m */ = {isa = PBXFileReference; lastKnownFileType = sourcecode.c.objc; path = Runtime5Controller.m; sourceTree = "<group>"; };
		847EEB4B24473B9F0002098E /* Person3.h */ = {isa = PBXFileReference; lastKnownFileType = sourcecode.c.h; path = Person3.h; sourceTree = "<group>"; };
		847EEB4C24473B9F0002098E /* Person3.m */ = {isa = PBXFileReference; lastKnownFileType = sourcecode.c.objc; path = Person3.m; sourceTree = "<group>"; };
		847EEB4E244749C00002098E /* NSArray+KKArr.h */ = {isa = PBXFileReference; lastKnownFileType = sourcecode.c.h; path = "NSArray+KKArr.h"; sourceTree = "<group>"; };
		847EEB4F244749C00002098E /* NSArray+KKArr.m */ = {isa = PBXFileReference; lastKnownFileType = sourcecode.c.objc; path = "NSArray+KKArr.m"; sourceTree = "<group>"; };
		84A6DC8F245A5DF6004AF137 /* GCD3Controller.h */ = {isa = PBXFileReference; lastKnownFileType = sourcecode.c.h; path = GCD3Controller.h; sourceTree = "<group>"; };
		84A6DC90245A5DF6004AF137 /* GCD3Controller.m */ = {isa = PBXFileReference; lastKnownFileType = sourcecode.c.objc; path = GCD3Controller.m; sourceTree = "<group>"; };
		84A6DC92245A7C51004AF137 /* LVLockBase.h */ = {isa = PBXFileReference; lastKnownFileType = sourcecode.c.h; path = LVLockBase.h; sourceTree = "<group>"; };
		84A6DC93245A7C51004AF137 /* LVLockBase.m */ = {isa = PBXFileReference; lastKnownFileType = sourcecode.c.objc; path = LVLockBase.m; sourceTree = "<group>"; };
		84A6DC95245A85AD004AF137 /* OSSponLockDemo.h */ = {isa = PBXFileReference; lastKnownFileType = sourcecode.c.h; path = OSSponLockDemo.h; sourceTree = "<group>"; };
		84A6DC96245A85AD004AF137 /* OSSponLockDemo.m */ = {isa = PBXFileReference; lastKnownFileType = sourcecode.c.objc; path = OSSponLockDemo.m; sourceTree = "<group>"; };
		84A6DC98245A99D5004AF137 /* OSFairLockDemo.h */ = {isa = PBXFileReference; lastKnownFileType = sourcecode.c.h; path = OSFairLockDemo.h; sourceTree = "<group>"; };
		84A6DC99245A99D5004AF137 /* OSFairLockDemo.m */ = {isa = PBXFileReference; lastKnownFileType = sourcecode.c.objc; path = OSFairLockDemo.m; sourceTree = "<group>"; };
		84A6DC9B245AB3FF004AF137 /* PthreadMutexDemo.h */ = {isa = PBXFileReference; lastKnownFileType = sourcecode.c.h; path = PthreadMutexDemo.h; sourceTree = "<group>"; };
		84A6DC9C245AB3FF004AF137 /* PthreadMutexDemo.m */ = {isa = PBXFileReference; lastKnownFileType = sourcecode.c.objc; path = PthreadMutexDemo.m; sourceTree = "<group>"; };
		84A6DC9E245AB8F2004AF137 /* PthreadMutexDemo2.h */ = {isa = PBXFileReference; lastKnownFileType = sourcecode.c.h; path = PthreadMutexDemo2.h; sourceTree = "<group>"; };
		84A6DC9F245AB8F2004AF137 /* PthreadMutexDemo2.m */ = {isa = PBXFileReference; lastKnownFileType = sourcecode.c.objc; path = PthreadMutexDemo2.m; sourceTree = "<group>"; };
		84AD73DA243E1312000AD7B4 /* KKObjcProject.app */ = {isa = PBXFileReference; explicitFileType = wrapper.application; includeInIndex = 0; path = KKObjcProject.app; sourceTree = BUILT_PRODUCTS_DIR; };
		84AD73DD243E1312000AD7B4 /* AppDelegate.h */ = {isa = PBXFileReference; lastKnownFileType = sourcecode.c.h; path = AppDelegate.h; sourceTree = "<group>"; };
		84AD73DE243E1312000AD7B4 /* AppDelegate.m */ = {isa = PBXFileReference; lastKnownFileType = sourcecode.c.objc; path = AppDelegate.m; sourceTree = "<group>"; };
		84AD73E6243E1314000AD7B4 /* Assets.xcassets */ = {isa = PBXFileReference; lastKnownFileType = folder.assetcatalog; path = Assets.xcassets; sourceTree = "<group>"; };
		84AD73E9243E1314000AD7B4 /* Base */ = {isa = PBXFileReference; lastKnownFileType = file.storyboard; name = Base; path = Base.lproj/LaunchScreen.storyboard; sourceTree = "<group>"; };
		84AD73EB243E1314000AD7B4 /* Info.plist */ = {isa = PBXFileReference; lastKnownFileType = text.plist.xml; path = Info.plist; sourceTree = "<group>"; };
		84AD73EC243E1314000AD7B4 /* main.m */ = {isa = PBXFileReference; lastKnownFileType = sourcecode.c.objc; path = main.m; sourceTree = "<group>"; };
		84AE86AD2442D68A0043639C /* Block3Controller.h */ = {isa = PBXFileReference; lastKnownFileType = sourcecode.c.h; path = Block3Controller.h; sourceTree = "<group>"; };
		84AE86AE2442D68A0043639C /* Block3Controller.m */ = {isa = PBXFileReference; lastKnownFileType = sourcecode.c.objc; path = Block3Controller.m; sourceTree = "<group>"; };
		84AE86AF2442D68A0043639C /* Block3Controller.xib */ = {isa = PBXFileReference; lastKnownFileType = file.xib; path = Block3Controller.xib; sourceTree = "<group>"; };
		84AE86B22442D6AF0043639C /* MJPerson.h */ = {isa = PBXFileReference; lastKnownFileType = sourcecode.c.h; path = MJPerson.h; sourceTree = "<group>"; };
		84AE86B32442D6AF0043639C /* MJPerson.m */ = {isa = PBXFileReference; lastKnownFileType = sourcecode.c.objc; path = MJPerson.m; sourceTree = "<group>"; };
		84AE86B624440E990043639C /* Runtime1Controller.h */ = {isa = PBXFileReference; lastKnownFileType = sourcecode.c.h; path = Runtime1Controller.h; sourceTree = "<group>"; };
		84AE86B724440E990043639C /* Runtime1Controller.m */ = {isa = PBXFileReference; lastKnownFileType = sourcecode.c.objc; path = Runtime1Controller.m; sourceTree = "<group>"; };
		84AE86B824440E990043639C /* Runtime1Controller.xib */ = {isa = PBXFileReference; lastKnownFileType = file.xib; path = Runtime1Controller.xib; sourceTree = "<group>"; };
		84AE86BB24444B5C0043639C /* Runtime2Controller.h */ = {isa = PBXFileReference; lastKnownFileType = sourcecode.c.h; path = Runtime2Controller.h; sourceTree = "<group>"; };
		84AE86BC24444B5C0043639C /* Runtime2Controller.mm */ = {isa = PBXFileReference; lastKnownFileType = sourcecode.cpp.objcpp; path = Runtime2Controller.mm; sourceTree = "<group>"; };
		84AE86BE24444D6B0043639C /* MJPerson1.h */ = {isa = PBXFileReference; lastKnownFileType = sourcecode.c.h; path = MJPerson1.h; sourceTree = "<group>"; };
		84AE86BF24444D6B0043639C /* MJPerson1.m */ = {isa = PBXFileReference; lastKnownFileType = sourcecode.c.objc; path = MJPerson1.m; sourceTree = "<group>"; };
		84AE86C12444A5EF0043639C /* MJClassInfo.h */ = {isa = PBXFileReference; fileEncoding = 4; lastKnownFileType = sourcecode.c.h; path = MJClassInfo.h; sourceTree = "<group>"; };
		84AE86C22444A61C0043639C /* MJStudent.h */ = {isa = PBXFileReference; fileEncoding = 4; lastKnownFileType = sourcecode.c.h; path = MJStudent.h; sourceTree = "<group>"; };
		84AE86C32444A61C0043639C /* MJGoodStudent.h */ = {isa = PBXFileReference; fileEncoding = 4; lastKnownFileType = sourcecode.c.h; path = MJGoodStudent.h; sourceTree = "<group>"; };
		84AE86C42444A61C0043639C /* MJStudent.m */ = {isa = PBXFileReference; fileEncoding = 4; lastKnownFileType = sourcecode.c.objc; path = MJStudent.m; sourceTree = "<group>"; };
		84AE86C52444A61C0043639C /* MJGoodStudent.m */ = {isa = PBXFileReference; fileEncoding = 4; lastKnownFileType = sourcecode.c.objc; path = MJGoodStudent.m; sourceTree = "<group>"; };
		84F456B32457B6A600E921AA /* GCD2Controller.h */ = {isa = PBXFileReference; lastKnownFileType = sourcecode.c.h; path = GCD2Controller.h; sourceTree = "<group>"; };
		84F456B42457B6A600E921AA /* GCD2Controller.m */ = {isa = PBXFileReference; lastKnownFileType = sourcecode.c.objc; path = GCD2Controller.m; sourceTree = "<group>"; };
		84F456B52457B6A600E921AA /* GCD2Controller.xib */ = {isa = PBXFileReference; lastKnownFileType = file.xib; path = GCD2Controller.xib; sourceTree = "<group>"; };
/* End PBXFileReference section */

/* Begin PBXFrameworksBuildPhase section */
		84AD73D7243E1312000AD7B4 /* Frameworks */ = {
			isa = PBXFrameworksBuildPhase;
			buildActionMask = 2147483647;
			files = (
			);
			runOnlyForDeploymentPostprocessing = 0;
		};
/* End PBXFrameworksBuildPhase section */

/* Begin PBXGroup section */
		302E10D824400FD000760CD0 /* 2.block */ = {
			isa = PBXGroup;
			children = (
				302E10D924400FEA00760CD0 /* Block1Controller.h */,
				302E10DA24400FEA00760CD0 /* Block1Controller.m */,
				302E10DB24400FEA00760CD0 /* Block1Controller.xib */,
				84718B1E2440441A00E397AE /* Block2Controller.h */,
				84718B1F2440441A00E397AE /* Block2Controller.m */,
				84AE86AD2442D68A0043639C /* Block3Controller.h */,
				84AE86AE2442D68A0043639C /* Block3Controller.m */,
				84AE86AF2442D68A0043639C /* Block3Controller.xib */,
				84AE86B22442D6AF0043639C /* MJPerson.h */,
				84AE86B32442D6AF0043639C /* MJPerson.m */,
			);
			path = 2.block;
			sourceTree = "<group>";
		};
		309E00F7243EB65700659EE0 /* 1.AssociatedObject */ = {
			isa = PBXGroup;
			children = (
				309E00FC243EB65700659EE0 /* KKPerson+Test1.h */,
				309E00F8243EB65700659EE0 /* KKPerson+Test1.m */,
				309E00F9243EB65700659EE0 /* KKPerson.h */,
				309E00FD243EB65700659EE0 /* KKPerson.m */,
				309E00FB243EB65700659EE0 /* KKStudent.m */,
				309E00FF243EB65700659EE0 /* KKStudent.h */,
			);
			path = 1.AssociatedObject;
			sourceTree = "<group>";
		};
		30F909C82449421200D100C7 /* llvm */ = {
			isa = PBXGroup;
			children = (
				30F909C92449444E00D100C7 /* Runtime6Controller.h */,
				30F909CA2449444E00D100C7 /* Runtime6Controller.m */,
				30F909CC2449448500D100C7 /* Person6.h */,
				30F909CD2449448500D100C7 /* Person6.m */,
				30F909CF2449497800D100C7 /* Person6.ll */,
			);
			path = llvm;
			sourceTree = "<group>";
		};
		30F909D024494B2B00D100C7 /* runtimeuse */ = {
			isa = PBXGroup;
			children = (
				30F909D124494B5C00D100C7 /* Runtime7Controller.h */,
				30F909D224494B5C00D100C7 /* Runtime7Controller.m */,
				30F909D424494C1700D100C7 /* MKPerson.h */,
				30F909D524494C1700D100C7 /* MKPerson.m */,
				30F909D724494C2F00D100C7 /* MKCar.h */,
				30F909D824494C2F00D100C7 /* MKCar.m */,
				844B4E6B244E821F001BE9DD /* BaseModel.h */,
				844B4E6C244E821F001BE9DD /* BaseModel.m */,
			);
			path = runtimeuse;
			sourceTree = "<group>";
		};
		844B4E6E244EA420001BE9DD /* 4.runloop */ = {
			isa = PBXGroup;
			children = (
				844B4E6F244EA420001BE9DD /* 1 */,
				844B4E72244EA420001BE9DD /* 2 */,
				844B4E71244EA420001BE9DD /* 3 */,
				844B4E70244EA420001BE9DD /* 4 */,
			);
			path = 4.runloop;
			sourceTree = "<group>";
		};
		844B4E6F244EA420001BE9DD /* 1 */ = {
			isa = PBXGroup;
			children = (
				844B4E73244ED780001BE9DD /* RunLoopController.h */,
				844B4E74244ED780001BE9DD /* RunLoopController.m */,
				840F0F7E245138CE00C5702F /* RunLoop1Controller.h */,
				840F0F7F245138CE00C5702F /* RunLoop1Controller.m */,
				840F0F80245138CE00C5702F /* RunLoop1Controller.xib */,
				8473EAAA2452BA4F005F5BC7 /* RunLoop2Controller.h */,
				8473EAAB2452BA4F005F5BC7 /* RunLoop2Controller.m */,
				8473EAAC2452BA4F005F5BC7 /* RunLoop2Controller.xib */,
			);
			path = 1;
			sourceTree = "<group>";
		};
		844B4E70244EA420001BE9DD /* 4 */ = {
			isa = PBXGroup;
			children = (
			);
			path = 4;
			sourceTree = "<group>";
		};
		844B4E71244EA420001BE9DD /* 3 */ = {
			isa = PBXGroup;
			children = (
			);
			path = 3;
			sourceTree = "<group>";
		};
		844B4E72244EA420001BE9DD /* 2 */ = {
			isa = PBXGroup;
			children = (
				847717F62455A1EE00364878 /* RunLoop3Controller.h */,
				847717F72455A1EE00364878 /* RunLoop3Controller.m */,
				847717F82455A1EE00364878 /* RunLoop3Controller.xib */,
				847717FB2455A21900364878 /* RunLoop4Controller.h */,
				847717FC2455A21900364878 /* RunLoop4Controller.m */,
				847717FD2455A21900364878 /* RunLoop4Controller.xib */,
				847718002455B4CC00364878 /* LVThread.h */,
				847718012455B4CC00364878 /* LVThread.m */,
				845E44BF245667CD0009AF7E /* LVThreadTool.h */,
				845E44C0245667CD0009AF7E /* LVThreadTool.m */,
				845E44C224566ADA0009AF7E /* RunLoop5Controller.h */,
				845E44C324566ADA0009AF7E /* RunLoop5Controller.m */,
				845E44C424566ADA0009AF7E /* RunLoop5Controller.xib */,
			);
			path = 2;
			sourceTree = "<group>";
		};
		845E44C724568D010009AF7E /* 5.GCD */ = {
			isa = PBXGroup;
			children = (
				845E44CB24568D010009AF7E /* 2lockdemo */,
				845E44C824568D010009AF7E /* 1 */,
				845E44C924568D010009AF7E /* 4 */,
				845E44CA24568D010009AF7E /* 3 */,
			);
			path = 5.GCD;
			sourceTree = "<group>";
		};
		845E44C824568D010009AF7E /* 1 */ = {
			isa = PBXGroup;
			children = (
				845E44CC24568D940009AF7E /* GCD1Controller.h */,
				845E44CD24568D940009AF7E /* GCD1Controller.m */,
				845E44CE24568D940009AF7E /* GCD1Controller.xib */,
				84F456B32457B6A600E921AA /* GCD2Controller.h */,
				84F456B42457B6A600E921AA /* GCD2Controller.m */,
				84F456B52457B6A600E921AA /* GCD2Controller.xib */,
			);
			path = 1;
			sourceTree = "<group>";
		};
		845E44C924568D010009AF7E /* 4 */ = {
			isa = PBXGroup;
			children = (
			);
			path = 4;
			sourceTree = "<group>";
		};
		845E44CA24568D010009AF7E /* 3 */ = {
			isa = PBXGroup;
			children = (
			);
			path = 3;
			sourceTree = "<group>";
		};
		845E44CB24568D010009AF7E /* 2lockdemo */ = {
			isa = PBXGroup;
			children = (
				84A6DC8F245A5DF6004AF137 /* GCD3Controller.h */,
				84A6DC90245A5DF6004AF137 /* GCD3Controller.m */,
				84A6DC92245A7C51004AF137 /* LVLockBase.h */,
				84A6DC93245A7C51004AF137 /* LVLockBase.m */,
				84A6DC95245A85AD004AF137 /* OSSponLockDemo.h */,
				84A6DC96245A85AD004AF137 /* OSSponLockDemo.m */,
				84A6DC98245A99D5004AF137 /* OSFairLockDemo.h */,
				84A6DC99245A99D5004AF137 /* OSFairLockDemo.m */,
				84A6DC9B245AB3FF004AF137 /* PthreadMutexDemo.h */,
				84A6DC9C245AB3FF004AF137 /* PthreadMutexDemo.m */,
				84A6DC9E245AB8F2004AF137 /* PthreadMutexDemo2.h */,
				84A6DC9F245AB8F2004AF137 /* PthreadMutexDemo2.m */,
			);
			path = 2lockdemo;
			sourceTree = "<group>";
		};
		84AD73D1243E1312000AD7B4 = {
			isa = PBXGroup;
			children = (
				84AD73DC243E1312000AD7B4 /* KKObjcProject */,
				84AD73DB243E1312000AD7B4 /* Products */,
			);
			sourceTree = "<group>";
		};
		84AD73DB243E1312000AD7B4 /* Products */ = {
			isa = PBXGroup;
			children = (
				84AD73DA243E1312000AD7B4 /* KKObjcProject.app */,
			);
			name = Products;
			sourceTree = "<group>";
		};
		84AD73DC243E1312000AD7B4 /* KKObjcProject */ = {
			isa = PBXGroup;
			children = (
				845E44C724568D010009AF7E /* 5.GCD */,
				844B4E6E244EA420001BE9DD /* 4.runloop */,
				84AE86B52442F52B0043639C /* 3.runtime */,
				309E00F7243EB65700659EE0 /* 1.AssociatedObject */,
				302E10D824400FD000760CD0 /* 2.block */,
				84AD73DD243E1312000AD7B4 /* AppDelegate.h */,
				84AD73DE243E1312000AD7B4 /* AppDelegate.m */,
				84AD73E6243E1314000AD7B4 /* Assets.xcassets */,
				84AD73E8243E1314000AD7B4 /* LaunchScreen.storyboard */,
				84AD73EB243E1314000AD7B4 /* Info.plist */,
				84AD73EC243E1314000AD7B4 /* main.m */,
			);
			path = KKObjcProject;
			sourceTree = "<group>";
		};
		84AE86B52442F52B0043639C /* 3.runtime */ = {
			isa = PBXGroup;
			children = (
				30F909D024494B2B00D100C7 /* runtimeuse */,
				30F909C82449421200D100C7 /* llvm */,
				84AE86C12444A5EF0043639C /* MJClassInfo.h */,
				84AE86C32444A61C0043639C /* MJGoodStudent.h */,
				84AE86C52444A61C0043639C /* MJGoodStudent.m */,
				84AE86C22444A61C0043639C /* MJStudent.h */,
				84AE86C42444A61C0043639C /* MJStudent.m */,
				84AE86B624440E990043639C /* Runtime1Controller.h */,
				84AE86B724440E990043639C /* Runtime1Controller.m */,
				84AE86B824440E990043639C /* Runtime1Controller.xib */,
				84AE86BB24444B5C0043639C /* Runtime2Controller.h */,
				84AE86BC24444B5C0043639C /* Runtime2Controller.mm */,
				84AE86BE24444D6B0043639C /* MJPerson1.h */,
				84AE86BF24444D6B0043639C /* MJPerson1.m */,
				3009800F24453DBB00CEAB2A /* Runtime3Controller.h */,
				847EEB4B24473B9F0002098E /* Person3.h */,
				847EEB4C24473B9F0002098E /* Person3.m */,
				3009801024453DBB00CEAB2A /* Runtime3Controller.mm */,
				847EEB3C2446E0F40002098E /* MJDog.h */,
				847EEB3D2446E0F40002098E /* MJDog.m */,
				847EEB3F244725BE0002098E /* Runtime4Controller.h */,
				847EEB40244725BE0002098E /* Runtime4Controller.m */,
				847EEB42244725F20002098E /* MJPerson4.h */,
				847EEB43244725F20002098E /* MJPerson4.m */,
				847EEB45244737690002098E /* Person5.h */,
				847EEB46244737690002098E /* Person5.m */,
				847EEB48244737820002098E /* Runtime5Controller.h */,
				847EEB49244737820002098E /* Runtime5Controller.m */,
				847EEB4E244749C00002098E /* NSArray+KKArr.h */,
				847EEB4F244749C00002098E /* NSArray+KKArr.m */,
			);
			path = 3.runtime;
			sourceTree = "<group>";
		};
/* End PBXGroup section */

/* Begin PBXNativeTarget section */
		84AD73D9243E1312000AD7B4 /* KKObjcProject */ = {
			isa = PBXNativeTarget;
			buildConfigurationList = 84AD73F0243E1314000AD7B4 /* Build configuration list for PBXNativeTarget "KKObjcProject" */;
			buildPhases = (
				84AD73D6243E1312000AD7B4 /* Sources */,
				84AD73D7243E1312000AD7B4 /* Frameworks */,
				84AD73D8243E1312000AD7B4 /* Resources */,
			);
			buildRules = (
			);
			dependencies = (
			);
			name = KKObjcProject;
			productName = KKObjcProject;
			productReference = 84AD73DA243E1312000AD7B4 /* KKObjcProject.app */;
			productType = "com.apple.product-type.application";
		};
/* End PBXNativeTarget section */

/* Begin PBXProject section */
		84AD73D2243E1312000AD7B4 /* Project object */ = {
			isa = PBXProject;
			attributes = {
				LastUpgradeCheck = 1020;
				ORGANIZATIONNAME = tecent;
				TargetAttributes = {
					84AD73D9243E1312000AD7B4 = {
						CreatedOnToolsVersion = 10.2.1;
					};
				};
			};
			buildConfigurationList = 84AD73D5243E1312000AD7B4 /* Build configuration list for PBXProject "KKObjcProject" */;
			compatibilityVersion = "Xcode 9.3";
			developmentRegion = en;
			hasScannedForEncodings = 0;
			knownRegions = (
				en,
				Base,
			);
			mainGroup = 84AD73D1243E1312000AD7B4;
			productRefGroup = 84AD73DB243E1312000AD7B4 /* Products */;
			projectDirPath = "";
			projectRoot = "";
			targets = (
				84AD73D9243E1312000AD7B4 /* KKObjcProject */,
			);
		};
/* End PBXProject section */

/* Begin PBXResourcesBuildPhase section */
		84AD73D8243E1312000AD7B4 /* Resources */ = {
			isa = PBXResourcesBuildPhase;
			buildActionMask = 2147483647;
			files = (
				84F456B72457B6A600E921AA /* GCD2Controller.xib in Resources */,
				845E44C624566ADA0009AF7E /* RunLoop5Controller.xib in Resources */,
				84AD73EA243E1314000AD7B4 /* LaunchScreen.storyboard in Resources */,
				302E10DD24400FEA00760CD0 /* Block1Controller.xib in Resources */,
				84AE86BA24440E990043639C /* Runtime1Controller.xib in Resources */,
				84AD73E7243E1314000AD7B4 /* Assets.xcassets in Resources */,
				8473EAAE2452BA4F005F5BC7 /* RunLoop2Controller.xib in Resources */,
				840F0F82245138CE00C5702F /* RunLoop1Controller.xib in Resources */,
				847717FF2455A21900364878 /* RunLoop4Controller.xib in Resources */,
				84AE86B12442D68A0043639C /* Block3Controller.xib in Resources */,
				845E44D024568D940009AF7E /* GCD1Controller.xib in Resources */,
				847717FA2455A1EE00364878 /* RunLoop3Controller.xib in Resources */,
			);
			runOnlyForDeploymentPostprocessing = 0;
		};
/* End PBXResourcesBuildPhase section */

/* Begin PBXSourcesBuildPhase section */
		84AD73D6243E1312000AD7B4 /* Sources */ = {
			isa = PBXSourcesBuildPhase;
			buildActionMask = 2147483647;
			files = (
				844B4E69244E79F4001BE9DD /* Runtime7Controller.m in Sources */,
				847718022455B4CC00364878 /* LVThread.m in Sources */,
				84A6DC91245A5DF6004AF137 /* GCD3Controller.m in Sources */,
				844B4E6A244E79F4001BE9DD /* Person6.m in Sources */,
				84AE86C024444D6B0043639C /* MJPerson1.m in Sources */,
				84AD73ED243E1314000AD7B4 /* main.m in Sources */,
				309E0102243EB65800659EE0 /* KKStudent.m in Sources */,
				30F909CB2449444E00D100C7 /* Runtime6Controller.m in Sources */,
				84A6DCA0245AB8F2004AF137 /* PthreadMutexDemo2.m in Sources */,
				847EEB4A244737820002098E /* Runtime5Controller.m in Sources */,
				847717F92455A1EE00364878 /* RunLoop3Controller.m in Sources */,
				84AE86B42442D6AF0043639C /* MJPerson.m in Sources */,
				844B4E75244ED780001BE9DD /* RunLoopController.m in Sources */,
				847EEB44244725F20002098E /* MJPerson4.m in Sources */,
				847EEB41244725BE0002098E /* Runtime4Controller.m in Sources */,
				845E44CF24568D940009AF7E /* GCD1Controller.m in Sources */,
				84F456B62457B6A600E921AA /* GCD2Controller.m in Sources */,
				847EEB50244749C00002098E /* NSArray+KKArr.m in Sources */,
				309E0100243EB65800659EE0 /* KKPerson+Test1.m in Sources */,
				84AE86C62444A61C0043639C /* MJStudent.m in Sources */,
				845E44C1245667CD0009AF7E /* LVThreadTool.m in Sources */,
				84AE86C72444A61C0043639C /* MJGoodStudent.m in Sources */,
				84AE86BD24444B5C0043639C /* Runtime2Controller.mm in Sources */,
				302E10DC24400FEA00760CD0 /* Block1Controller.m in Sources */,
				30F909D624494C1700D100C7 /* MKPerson.m in Sources */,
				840F0F81245138CE00C5702F /* RunLoop1Controller.m in Sources */,
				8473EAAD2452BA4F005F5BC7 /* RunLoop2Controller.m in Sources */,
				3009801124453DBB00CEAB2A /* Runtime3Controller.mm in Sources */,
				84AE86B924440E990043639C /* Runtime1Controller.m in Sources */,
				84A6DC97245A85AD004AF137 /* OSSponLockDemo.m in Sources */,
				84AD73DF243E1312000AD7B4 /* AppDelegate.m in Sources */,
				84AE86B02442D68A0043639C /* Block3Controller.m in Sources */,
				845E44C524566ADA0009AF7E /* RunLoop5Controller.m in Sources */,
				847717FE2455A21900364878 /* RunLoop4Controller.m in Sources */,
				84A6DC9D245AB3FF004AF137 /* PthreadMutexDemo.m in Sources */,
				844B4E6D244E821F001BE9DD /* BaseModel.m in Sources */,
				847EEB47244737690002098E /* Person5.m in Sources */,
				847EEB4D24473B9F0002098E /* Person3.m in Sources */,
				847EEB3E2446E0F40002098E /* MJDog.m in Sources */,
				84A6DC9A245A99D5004AF137 /* OSFairLockDemo.m in Sources */,
				30F909D924494C2F00D100C7 /* MKCar.m in Sources */,
				84A6DC94245A7C51004AF137 /* LVLockBase.m in Sources */,
				84718B202440441A00E397AE /* Block2Controller.m in Sources */,
				309E0103243EB65800659EE0 /* KKPerson.m in Sources */,
			);
			runOnlyForDeploymentPostprocessing = 0;
		};
/* End PBXSourcesBuildPhase section */

/* Begin PBXVariantGroup section */
		84AD73E8243E1314000AD7B4 /* LaunchScreen.storyboard */ = {
			isa = PBXVariantGroup;
			children = (
				84AD73E9243E1314000AD7B4 /* Base */,
			);
			name = LaunchScreen.storyboard;
			sourceTree = "<group>";
		};
/* End PBXVariantGroup section */

/* Begin XCBuildConfiguration section */
		84AD73EE243E1314000AD7B4 /* Debug */ = {
			isa = XCBuildConfiguration;
			buildSettings = {
				ALWAYS_SEARCH_USER_PATHS = NO;
				CLANG_ANALYZER_NONNULL = YES;
				CLANG_ANALYZER_NUMBER_OBJECT_CONVERSION = YES_AGGRESSIVE;
				CLANG_CXX_LANGUAGE_STANDARD = "gnu++14";
				CLANG_CXX_LIBRARY = "libc++";
				CLANG_ENABLE_MODULES = YES;
				CLANG_ENABLE_OBJC_ARC = YES;
				CLANG_ENABLE_OBJC_WEAK = YES;
				CLANG_WARN_BLOCK_CAPTURE_AUTORELEASING = YES;
				CLANG_WARN_BOOL_CONVERSION = YES;
				CLANG_WARN_COMMA = YES;
				CLANG_WARN_CONSTANT_CONVERSION = YES;
				CLANG_WARN_DEPRECATED_OBJC_IMPLEMENTATIONS = YES;
				CLANG_WARN_DIRECT_OBJC_ISA_USAGE = YES_ERROR;
				CLANG_WARN_DOCUMENTATION_COMMENTS = YES;
				CLANG_WARN_EMPTY_BODY = YES;
				CLANG_WARN_ENUM_CONVERSION = YES;
				CLANG_WARN_INFINITE_RECURSION = YES;
				CLANG_WARN_INT_CONVERSION = YES;
				CLANG_WARN_NON_LITERAL_NULL_CONVERSION = YES;
				CLANG_WARN_OBJC_IMPLICIT_RETAIN_SELF = YES;
				CLANG_WARN_OBJC_LITERAL_CONVERSION = YES;
				CLANG_WARN_OBJC_ROOT_CLASS = YES_ERROR;
				CLANG_WARN_RANGE_LOOP_ANALYSIS = YES;
				CLANG_WARN_STRICT_PROTOTYPES = YES;
				CLANG_WARN_SUSPICIOUS_MOVE = YES;
				CLANG_WARN_UNGUARDED_AVAILABILITY = YES_AGGRESSIVE;
				CLANG_WARN_UNREACHABLE_CODE = YES;
				CLANG_WARN__DUPLICATE_METHOD_MATCH = YES;
				CODE_SIGN_IDENTITY = "iPhone Developer";
				COPY_PHASE_STRIP = NO;
				DEBUG_INFORMATION_FORMAT = dwarf;
				ENABLE_STRICT_OBJC_MSGSEND = YES;
				ENABLE_TESTABILITY = YES;
				GCC_C_LANGUAGE_STANDARD = gnu11;
				GCC_DYNAMIC_NO_PIC = NO;
				GCC_NO_COMMON_BLOCKS = YES;
				GCC_OPTIMIZATION_LEVEL = 0;
				GCC_PREPROCESSOR_DEFINITIONS = (
					"DEBUG=1",
					"$(inherited)",
				);
				GCC_WARN_64_TO_32_BIT_CONVERSION = YES;
				GCC_WARN_ABOUT_RETURN_TYPE = YES_ERROR;
				GCC_WARN_UNDECLARED_SELECTOR = YES;
				GCC_WARN_UNINITIALIZED_AUTOS = YES_AGGRESSIVE;
				GCC_WARN_UNUSED_FUNCTION = YES;
				GCC_WARN_UNUSED_VARIABLE = YES;
				IPHONEOS_DEPLOYMENT_TARGET = 12.2;
				MTL_ENABLE_DEBUG_INFO = INCLUDE_SOURCE;
				MTL_FAST_MATH = YES;
				ONLY_ACTIVE_ARCH = YES;
				SDKROOT = iphoneos;
			};
			name = Debug;
		};
		84AD73EF243E1314000AD7B4 /* Release */ = {
			isa = XCBuildConfiguration;
			buildSettings = {
				ALWAYS_SEARCH_USER_PATHS = NO;
				CLANG_ANALYZER_NONNULL = YES;
				CLANG_ANALYZER_NUMBER_OBJECT_CONVERSION = YES_AGGRESSIVE;
				CLANG_CXX_LANGUAGE_STANDARD = "gnu++14";
				CLANG_CXX_LIBRARY = "libc++";
				CLANG_ENABLE_MODULES = YES;
				CLANG_ENABLE_OBJC_ARC = YES;
				CLANG_ENABLE_OBJC_WEAK = YES;
				CLANG_WARN_BLOCK_CAPTURE_AUTORELEASING = YES;
				CLANG_WARN_BOOL_CONVERSION = YES;
				CLANG_WARN_COMMA = YES;
				CLANG_WARN_CONSTANT_CONVERSION = YES;
				CLANG_WARN_DEPRECATED_OBJC_IMPLEMENTATIONS = YES;
				CLANG_WARN_DIRECT_OBJC_ISA_USAGE = YES_ERROR;
				CLANG_WARN_DOCUMENTATION_COMMENTS = YES;
				CLANG_WARN_EMPTY_BODY = YES;
				CLANG_WARN_ENUM_CONVERSION = YES;
				CLANG_WARN_INFINITE_RECURSION = YES;
				CLANG_WARN_INT_CONVERSION = YES;
				CLANG_WARN_NON_LITERAL_NULL_CONVERSION = YES;
				CLANG_WARN_OBJC_IMPLICIT_RETAIN_SELF = YES;
				CLANG_WARN_OBJC_LITERAL_CONVERSION = YES;
				CLANG_WARN_OBJC_ROOT_CLASS = YES_ERROR;
				CLANG_WARN_RANGE_LOOP_ANALYSIS = YES;
				CLANG_WARN_STRICT_PROTOTYPES = YES;
				CLANG_WARN_SUSPICIOUS_MOVE = YES;
				CLANG_WARN_UNGUARDED_AVAILABILITY = YES_AGGRESSIVE;
				CLANG_WARN_UNREACHABLE_CODE = YES;
				CLANG_WARN__DUPLICATE_METHOD_MATCH = YES;
				CODE_SIGN_IDENTITY = "iPhone Developer";
				COPY_PHASE_STRIP = NO;
				DEBUG_INFORMATION_FORMAT = "dwarf-with-dsym";
				ENABLE_NS_ASSERTIONS = NO;
				ENABLE_STRICT_OBJC_MSGSEND = YES;
				GCC_C_LANGUAGE_STANDARD = gnu11;
				GCC_NO_COMMON_BLOCKS = YES;
				GCC_WARN_64_TO_32_BIT_CONVERSION = YES;
				GCC_WARN_ABOUT_RETURN_TYPE = YES_ERROR;
				GCC_WARN_UNDECLARED_SELECTOR = YES;
				GCC_WARN_UNINITIALIZED_AUTOS = YES_AGGRESSIVE;
				GCC_WARN_UNUSED_FUNCTION = YES;
				GCC_WARN_UNUSED_VARIABLE = YES;
				IPHONEOS_DEPLOYMENT_TARGET = 12.2;
				MTL_ENABLE_DEBUG_INFO = NO;
				MTL_FAST_MATH = YES;
				SDKROOT = iphoneos;
				VALIDATE_PRODUCT = YES;
			};
			name = Release;
		};
		84AD73F1243E1314000AD7B4 /* Debug */ = {
			isa = XCBuildConfiguration;
			buildSettings = {
				ASSETCATALOG_COMPILER_APPICON_NAME = AppIcon;
				CODE_SIGN_STYLE = Automatic;
				DEVELOPMENT_TEAM = VHRQ5Y2HAX;
				INFOPLIST_FILE = KKObjcProject/Info.plist;
				IPHONEOS_DEPLOYMENT_TARGET = 10.0;
				LD_RUNPATH_SEARCH_PATHS = (
					"$(inherited)",
					"@executable_path/Frameworks",
				);
				PRODUCT_BUNDLE_IDENTIFIER = org.lv.KKObjcProject;
				PRODUCT_NAME = "$(TARGET_NAME)";
				TARGETED_DEVICE_FAMILY = 1;
			};
			name = Debug;
		};
		84AD73F2243E1314000AD7B4 /* Release */ = {
			isa = XCBuildConfiguration;
			buildSettings = {
				ASSETCATALOG_COMPILER_APPICON_NAME = AppIcon;
				CODE_SIGN_STYLE = Automatic;
				DEVELOPMENT_TEAM = VHRQ5Y2HAX;
				INFOPLIST_FILE = KKObjcProject/Info.plist;
				IPHONEOS_DEPLOYMENT_TARGET = 10.0;
				LD_RUNPATH_SEARCH_PATHS = (
					"$(inherited)",
					"@executable_path/Frameworks",
				);
				PRODUCT_BUNDLE_IDENTIFIER = org.lv.KKObjcProject;
				PRODUCT_NAME = "$(TARGET_NAME)";
				TARGETED_DEVICE_FAMILY = 1;
			};
			name = Release;
		};
/* End XCBuildConfiguration section */

/* Begin XCConfigurationList section */
		84AD73D5243E1312000AD7B4 /* Build configuration list for PBXProject "KKObjcProject" */ = {
			isa = XCConfigurationList;
			buildConfigurations = (
				84AD73EE243E1314000AD7B4 /* Debug */,
				84AD73EF243E1314000AD7B4 /* Release */,
			);
			defaultConfigurationIsVisible = 0;
			defaultConfigurationName = Release;
		};
		84AD73F0243E1314000AD7B4 /* Build configuration list for PBXNativeTarget "KKObjcProject" */ = {
			isa = XCConfigurationList;
			buildConfigurations = (
				84AD73F1243E1314000AD7B4 /* Debug */,
				84AD73F2243E1314000AD7B4 /* Release */,
			);
			defaultConfigurationIsVisible = 0;
			defaultConfigurationName = Release;
		};
/* End XCConfigurationList section */
	};
	rootObject = 84AD73D2243E1312000AD7B4 /* Project object */;
}
